
Microsoft Visual Studio Solution File, Format Version 12.00
# Visual Studio Version 16
VisualStudioVersion = 16.0.31129.286
MinimumVisualStudioVersion = 10.0.40219.1
Project("{8BC9CEB8-8B4A-11D0-8D11-00A0C91BC942}") = "hw0", "hw0.vcxproj", "{E879676F-EF07-416E-B330-93FD2E7DA612}"
EndProject
Global
	GlobalSection(SolutionConfigurationPlatforms) = preSolution
		Debug|x64 = Debug|x64
		Debug|x86 = Debug|x86
		Release|x64 = Release|x64
		Release|x86 = Release|x86
	EndGlobalSection
	GlobalSection(ProjectConfigurationPlatforms) = postSolution
		{E879676F-EF07-416E-B330-93FD2E7DA612}.Debug|x64.ActiveCfg = Debug|x64
		{E879676F-EF07-416E-B330-93FD2E7DA612}.Debug|x64.Build.0 = Debug|x64
		{E879676F-EF07-416E-B330-93FD2E7DA612}.Debug|x86.ActiveCfg = Debug|Win32
		{E879676F-EF07-416E-B330-93FD2E7DA612}.Debug|x86.Build.0 = Debug|Win32
		{E879676F-EF07-416E-B330-93FD2E7DA612}.Release|x64.ActiveCfg = Release|x64
		{E879676F-EF07-416E-B330-93FD2E7DA612}.Release|x64.Build.0 = Release|x64
		{E879676F-EF07-416E-B330-93FD2E7DA612}.Release|x86.ActiveCfg = Release|Win32
		{E879676F-EF07-416E-B330-93FD2E7DA612}.Release|x86.Build.0 = Release|Win32
	EndGlobalSection
	GlobalSection(SolutionProperties) = preSolution
		HideSolutionNode = FALSE
	EndGlobalSection
	GlobalSection(ExtensibilityGlobals) = postSolution
		SolutionGuid = {BFB6BF21-3C05-4695-A0F6-651C2E4D9C98}
	EndGlobalSection
EndGlobal
